
Microsoft Visual Studio Solution File, Format Version 12.00
# Visual Studio Version 16
VisualStudioVersion = 16.0.29001.49
MinimumVisualStudioVersion = 10.0.40219.1
Project("{8BC9CEB8-8B4A-11D0-8D11-00A0C91BC942}") = "Lua53", "Lua53\Lua53.vcxproj", "{1DACA6F5-A619-49A0-ACD6-CFCE908435B2}"
EndProject
Project("{8BC9CEB8-8B4A-11D0-8D11-00A0C91BC942}") = "Dalbit", "Dalbit\Dalbit.vcxproj", "{AE9A26F6-D709-4008-9AAF-F0ECB468F253}"
	ProjectSection(ProjectDependencies) = postProject
		{1DACA6F5-A619-49A0-ACD6-CFCE908435B2} = {1DACA6F5-A619-49A0-ACD6-CFCE908435B2}
	EndProjectSection
EndProject
Global
	GlobalSection(SolutionConfigurationPlatforms) = preSolution
		Debug|x64 = Debug|x64
		Debug|x86 = Debug|x86
		Release|x64 = Release|x64
		Release|x86 = Release|x86
	EndGlobalSection
	GlobalSection(ProjectConfigurationPlatforms) = postSolution
		{1DACA6F5-A619-49A0-ACD6-CFCE908435B2}.Debug|x64.ActiveCfg = Debug|x64
		{1DACA6F5-A619-49A0-ACD6-CFCE908435B2}.Debug|x64.Build.0 = Debug|x64
		{1DACA6F5-A619-49A0-ACD6-CFCE908435B2}.Debug|x86.ActiveCfg = Debug|Win32
		{1DACA6F5-A619-49A0-ACD6-CFCE908435B2}.Debug|x86.Build.0 = Debug|Win32
		{1DACA6F5-A619-49A0-ACD6-CFCE908435B2}.Release|x64.ActiveCfg = Release|x64
		{1DACA6F5-A619-49A0-ACD6-CFCE908435B2}.Release|x64.Build.0 = Release|x64
		{1DACA6F5-A619-49A0-ACD6-CFCE908435B2}.Release|x86.ActiveCfg = Release|Win32
		{1DACA6F5-A619-49A0-ACD6-CFCE908435B2}.Release|x86.Build.0 = Release|Win32
		{AE9A26F6-D709-4008-9AAF-F0ECB468F253}.Debug|x64.ActiveCfg = Debug|x64
		{AE9A26F6-D709-4008-9AAF-F0ECB468F253}.Debug|x64.Build.0 = Debug|x64
		{AE9A26F6-D709-4008-9AAF-F0ECB468F253}.Debug|x86.ActiveCfg = Debug|Win32
		{AE9A26F6-D709-4008-9AAF-F0ECB468F253}.Debug|x86.Build.0 = Debug|Win32
		{AE9A26F6-D709-4008-9AAF-F0ECB468F253}.Release|x64.ActiveCfg = Release|x64
		{AE9A26F6-D709-4008-9AAF-F0ECB468F253}.Release|x64.Build.0 = Release|x64
		{AE9A26F6-D709-4008-9AAF-F0ECB468F253}.Release|x86.ActiveCfg = Release|Win32
		{AE9A26F6-D709-4008-9AAF-F0ECB468F253}.Release|x86.Build.0 = Release|Win32
	EndGlobalSection
	GlobalSection(SolutionProperties) = preSolution
		HideSolutionNode = FALSE
	EndGlobalSection
	GlobalSection(ExtensibilityGlobals) = postSolution
		SolutionGuid = {561CAC1C-8EB3-46DD-82F6-23DF367E6DAD}
	EndGlobalSection
EndGlobal
