
Microsoft Visual Studio Solution File, Format Version 12.00
# Visual Studio Version 16
VisualStudioVersion = 16.0.29001.49
MinimumVisualStudioVersion = 10.0.40219.1
Project("{8BC9CEB8-8B4A-11D0-8D11-00A0C91BC942}") = "Lua53", "Lua53\Lua53.vcxproj", "{1DACA6F5-A619-49A0-ACD6-CFCE908435B2}"
EndProject
Project("{8BC9CEB8-8B4A-11D0-8D11-00A0C91BC942}") = "Dalbit", "Dalbit\Dalbit.vcxproj", "{AE9A26F6-D709-4008-9AAF-F0ECB468F253}"
	ProjectSection(ProjectDependencies) = postProject
		{1DACA6F5-A619-49A0-ACD6-CFCE908435B2} = {1DACA6F5-A619-49A0-ACD6-CFCE908435B2}
	EndProjectSection
EndProject
Project("{8BC9CEB8-8B4A-11D0-8D11-00A0C91BC942}") = "glfw33", "glfw33\glfw33.vcxproj", "{CB6D5DB9-0C30-47A4-AE95-E827BE109DC5}"
EndProject
Project("{8BC9CEB8-8B4A-11D0-8D11-00A0C91BC942}") = "glew210", "glew210\glew210.vcxproj", "{EC76FA1A-9202-4120-A607-7495954E3931}"
EndProject
Project("{2150E333-8FDC-42A3-9474-1A3956D46DE8}") = "lib", "lib", "{1FD35082-2A95-4F81-9792-3AD6FBFE001F}"
EndProject
Project("{2150E333-8FDC-42A3-9474-1A3956D46DE8}") = "project", "project", "{8E5F4263-57C7-420A-9ACA-28924C8CB177}"
EndProject
Project("{8BC9CEB8-8B4A-11D0-8D11-00A0C91BC942}") = "VulkanPlayground", "VulkanPlayground\VulkanPlayground.vcxproj", "{9CDDD827-E10F-4AD8-B6F1-A31C2CE5A0FB}"
EndProject
Project("{8BC9CEB8-8B4A-11D0-8D11-00A0C91BC942}") = "OpenGLPlayground", "OpenGLPlayground\OpenGLPlayground.vcxproj", "{DD67475A-26AB-49EF-A954-78684347CE04}"
EndProject
Project("{8BC9CEB8-8B4A-11D0-8D11-00A0C91BC942}") = "VulkanTutorial", "VulkanTutorial\VulkanTutorial.vcxproj", "{98704AA8-5DD1-4880-B11F-5765CF345B3E}"
EndProject
Project("{8BC9CEB8-8B4A-11D0-8D11-00A0C91BC942}") = "Engine", "Engine\Engine.vcxproj", "{57D525A5-099F-460D-8D9F-D87AF9C24E3E}"
EndProject
Project("{2150E333-8FDC-42A3-9474-1A3956D46DE8}") = "AE", "AE", "{E314E95A-D58C-4F52-ACC9-650736520C41}"
EndProject
Global
	GlobalSection(SolutionConfigurationPlatforms) = preSolution
		Debug|x64 = Debug|x64
		Debug|x86 = Debug|x86
		Release|x64 = Release|x64
		Release|x86 = Release|x86
	EndGlobalSection
	GlobalSection(ProjectConfigurationPlatforms) = postSolution
		{1DACA6F5-A619-49A0-ACD6-CFCE908435B2}.Debug|x64.ActiveCfg = Debug|x64
		{1DACA6F5-A619-49A0-ACD6-CFCE908435B2}.Debug|x64.Build.0 = Debug|x64
		{1DACA6F5-A619-49A0-ACD6-CFCE908435B2}.Debug|x86.ActiveCfg = Debug|Win32
		{1DACA6F5-A619-49A0-ACD6-CFCE908435B2}.Debug|x86.Build.0 = Debug|Win32
		{1DACA6F5-A619-49A0-ACD6-CFCE908435B2}.Release|x64.ActiveCfg = Release|x64
		{1DACA6F5-A619-49A0-ACD6-CFCE908435B2}.Release|x64.Build.0 = Release|x64
		{1DACA6F5-A619-49A0-ACD6-CFCE908435B2}.Release|x86.ActiveCfg = Release|Win32
		{1DACA6F5-A619-49A0-ACD6-CFCE908435B2}.Release|x86.Build.0 = Release|Win32
		{AE9A26F6-D709-4008-9AAF-F0ECB468F253}.Debug|x64.ActiveCfg = Debug|x64
		{AE9A26F6-D709-4008-9AAF-F0ECB468F253}.Debug|x64.Build.0 = Debug|x64
		{AE9A26F6-D709-4008-9AAF-F0ECB468F253}.Debug|x86.ActiveCfg = Debug|Win32
		{AE9A26F6-D709-4008-9AAF-F0ECB468F253}.Debug|x86.Build.0 = Debug|Win32
		{AE9A26F6-D709-4008-9AAF-F0ECB468F253}.Release|x64.ActiveCfg = Release|x64
		{AE9A26F6-D709-4008-9AAF-F0ECB468F253}.Release|x64.Build.0 = Release|x64
		{AE9A26F6-D709-4008-9AAF-F0ECB468F253}.Release|x86.ActiveCfg = Release|Win32
		{AE9A26F6-D709-4008-9AAF-F0ECB468F253}.Release|x86.Build.0 = Release|Win32
		{CB6D5DB9-0C30-47A4-AE95-E827BE109DC5}.Debug|x64.ActiveCfg = Debug|x64
		{CB6D5DB9-0C30-47A4-AE95-E827BE109DC5}.Debug|x64.Build.0 = Debug|x64
		{CB6D5DB9-0C30-47A4-AE95-E827BE109DC5}.Debug|x86.ActiveCfg = Debug|Win32
		{CB6D5DB9-0C30-47A4-AE95-E827BE109DC5}.Debug|x86.Build.0 = Debug|Win32
		{CB6D5DB9-0C30-47A4-AE95-E827BE109DC5}.Release|x64.ActiveCfg = Release|x64
		{CB6D5DB9-0C30-47A4-AE95-E827BE109DC5}.Release|x64.Build.0 = Release|x64
		{CB6D5DB9-0C30-47A4-AE95-E827BE109DC5}.Release|x86.ActiveCfg = Release|Win32
		{CB6D5DB9-0C30-47A4-AE95-E827BE109DC5}.Release|x86.Build.0 = Release|Win32
		{EC76FA1A-9202-4120-A607-7495954E3931}.Debug|x64.ActiveCfg = Debug|x64
		{EC76FA1A-9202-4120-A607-7495954E3931}.Debug|x64.Build.0 = Debug|x64
		{EC76FA1A-9202-4120-A607-7495954E3931}.Debug|x86.ActiveCfg = Debug|Win32
		{EC76FA1A-9202-4120-A607-7495954E3931}.Debug|x86.Build.0 = Debug|Win32
		{EC76FA1A-9202-4120-A607-7495954E3931}.Release|x64.ActiveCfg = Release|x64
		{EC76FA1A-9202-4120-A607-7495954E3931}.Release|x64.Build.0 = Release|x64
		{EC76FA1A-9202-4120-A607-7495954E3931}.Release|x86.ActiveCfg = Release|Win32
		{EC76FA1A-9202-4120-A607-7495954E3931}.Release|x86.Build.0 = Release|Win32
		{9CDDD827-E10F-4AD8-B6F1-A31C2CE5A0FB}.Debug|x64.ActiveCfg = Debug|x64
		{9CDDD827-E10F-4AD8-B6F1-A31C2CE5A0FB}.Debug|x64.Build.0 = Debug|x64
		{9CDDD827-E10F-4AD8-B6F1-A31C2CE5A0FB}.Debug|x86.ActiveCfg = Debug|Win32
		{9CDDD827-E10F-4AD8-B6F1-A31C2CE5A0FB}.Debug|x86.Build.0 = Debug|Win32
		{9CDDD827-E10F-4AD8-B6F1-A31C2CE5A0FB}.Release|x64.ActiveCfg = Release|x64
		{9CDDD827-E10F-4AD8-B6F1-A31C2CE5A0FB}.Release|x64.Build.0 = Release|x64
		{9CDDD827-E10F-4AD8-B6F1-A31C2CE5A0FB}.Release|x86.ActiveCfg = Release|Win32
		{9CDDD827-E10F-4AD8-B6F1-A31C2CE5A0FB}.Release|x86.Build.0 = Release|Win32
		{DD67475A-26AB-49EF-A954-78684347CE04}.Debug|x64.ActiveCfg = Debug|x64
		{DD67475A-26AB-49EF-A954-78684347CE04}.Debug|x64.Build.0 = Debug|x64
		{DD67475A-26AB-49EF-A954-78684347CE04}.Debug|x86.ActiveCfg = Debug|Win32
		{DD67475A-26AB-49EF-A954-78684347CE04}.Debug|x86.Build.0 = Debug|Win32
		{DD67475A-26AB-49EF-A954-78684347CE04}.Release|x64.ActiveCfg = Release|x64
		{DD67475A-26AB-49EF-A954-78684347CE04}.Release|x64.Build.0 = Release|x64
		{DD67475A-26AB-49EF-A954-78684347CE04}.Release|x86.ActiveCfg = Release|Win32
		{DD67475A-26AB-49EF-A954-78684347CE04}.Release|x86.Build.0 = Release|Win32
		{98704AA8-5DD1-4880-B11F-5765CF345B3E}.Debug|x64.ActiveCfg = Debug|x64
		{98704AA8-5DD1-4880-B11F-5765CF345B3E}.Debug|x64.Build.0 = Debug|x64
		{98704AA8-5DD1-4880-B11F-5765CF345B3E}.Debug|x86.ActiveCfg = Debug|Win32
		{98704AA8-5DD1-4880-B11F-5765CF345B3E}.Debug|x86.Build.0 = Debug|Win32
		{98704AA8-5DD1-4880-B11F-5765CF345B3E}.Release|x64.ActiveCfg = Release|x64
		{98704AA8-5DD1-4880-B11F-5765CF345B3E}.Release|x64.Build.0 = Release|x64
		{98704AA8-5DD1-4880-B11F-5765CF345B3E}.Release|x86.ActiveCfg = Release|Win32
		{98704AA8-5DD1-4880-B11F-5765CF345B3E}.Release|x86.Build.0 = Release|Win32
		{57D525A5-099F-460D-8D9F-D87AF9C24E3E}.Debug|x64.ActiveCfg = Debug|x64
		{57D525A5-099F-460D-8D9F-D87AF9C24E3E}.Debug|x64.Build.0 = Debug|x64
		{57D525A5-099F-460D-8D9F-D87AF9C24E3E}.Debug|x86.ActiveCfg = Debug|Win32
		{57D525A5-099F-460D-8D9F-D87AF9C24E3E}.Debug|x86.Build.0 = Debug|Win32
		{57D525A5-099F-460D-8D9F-D87AF9C24E3E}.Release|x64.ActiveCfg = Release|x64
		{57D525A5-099F-460D-8D9F-D87AF9C24E3E}.Release|x64.Build.0 = Release|x64
		{57D525A5-099F-460D-8D9F-D87AF9C24E3E}.Release|x86.ActiveCfg = Release|Win32
		{57D525A5-099F-460D-8D9F-D87AF9C24E3E}.Release|x86.Build.0 = Release|Win32
	EndGlobalSection
	GlobalSection(SolutionProperties) = preSolution
		HideSolutionNode = FALSE
	EndGlobalSection
	GlobalSection(NestedProjects) = preSolution
		{1DACA6F5-A619-49A0-ACD6-CFCE908435B2} = {1FD35082-2A95-4F81-9792-3AD6FBFE001F}
		{AE9A26F6-D709-4008-9AAF-F0ECB468F253} = {1FD35082-2A95-4F81-9792-3AD6FBFE001F}
		{CB6D5DB9-0C30-47A4-AE95-E827BE109DC5} = {1FD35082-2A95-4F81-9792-3AD6FBFE001F}
		{EC76FA1A-9202-4120-A607-7495954E3931} = {1FD35082-2A95-4F81-9792-3AD6FBFE001F}
		{1FD35082-2A95-4F81-9792-3AD6FBFE001F} = {E314E95A-D58C-4F52-ACC9-650736520C41}
		{9CDDD827-E10F-4AD8-B6F1-A31C2CE5A0FB} = {8E5F4263-57C7-420A-9ACA-28924C8CB177}
		{DD67475A-26AB-49EF-A954-78684347CE04} = {8E5F4263-57C7-420A-9ACA-28924C8CB177}
		{98704AA8-5DD1-4880-B11F-5765CF345B3E} = {8E5F4263-57C7-420A-9ACA-28924C8CB177}
		{57D525A5-099F-460D-8D9F-D87AF9C24E3E} = {E314E95A-D58C-4F52-ACC9-650736520C41}
	EndGlobalSection
	GlobalSection(ExtensibilityGlobals) = postSolution
		SolutionGuid = {561CAC1C-8EB3-46DD-82F6-23DF367E6DAD}
	EndGlobalSection
EndGlobal
